{
  "name": "booking-generator",
  "version": "0.0.1",
  "lockfileVersion": 2,
  "requires": true,
  "packages": {
    "": {
      "version": "0.0.1",
      "dependencies": {
        "minmaxscaler": "^1.0.1"
      }
    },
    "node_modules/minmaxscaler": {
      "version": "1.0.1",
      "resolved": "https://registry.npmjs.org/minmaxscaler/-/minmaxscaler-1.0.1.tgz",
      "integrity": "sha512-RqnXGpnP0ILFtcTuscCacKQorCUxbrgUMn0F3wUhRyh48QTTg1uGFZj0HtJScl9TuBBrhYimwLe+PI0h3+hXNQ=="
    }
  },
  "dependencies": {
    "minmaxscaler": {
      "version": "1.0.1",
      "resolved": "https://registry.npmjs.org/minmaxscaler/-/minmaxscaler-1.0.1.tgz",
      "integrity": "sha512-RqnXGpnP0ILFtcTuscCacKQorCUxbrgUMn0F3wUhRyh48QTTg1uGFZj0HtJScl9TuBBrhYimwLe+PI0h3+hXNQ=="
    }
  }
}
